
Microsoft Visual Studio Solution File, Format Version 12.00
# Visual Studio 14
VisualStudioVersion = 14.0.25123.0
MinimumVisualStudioVersion = 10.0.40219.1
Project("{FAE04EC0-301F-11D3-BF4B-00C04F79EFBC}") = "GabEventStore", "GabEventStore\GabEventStore.csproj", "{859A4A4D-7954-4A6D-90D0-63DB1C0B015D}"
EndProject
Project("{F2A71F9B-5D33-465A-A702-920D77279786}") = "GabEventStoreFunctional", "GabEventStoreFunctional\GabEventStoreFunctional.fsproj", "{6D224367-04D1-4A3D-8C82-756002294DBB}"
EndProject
Project("{FAE04EC0-301F-11D3-BF4B-00C04F79EFBC}") = "GabEventStoreMob", "GabEventStoreMob\GabEventStoreMob.csproj", "{E165E14C-2E69-4B97-AFD4-1DA68C625D1F}"
EndProject
Global
	GlobalSection(SolutionConfigurationPlatforms) = preSolution
		Debug|Any CPU = Debug|Any CPU
		Release|Any CPU = Release|Any CPU
	EndGlobalSection
	GlobalSection(ProjectConfigurationPlatforms) = postSolution
		{859A4A4D-7954-4A6D-90D0-63DB1C0B015D}.Debug|Any CPU.ActiveCfg = Debug|Any CPU
		{859A4A4D-7954-4A6D-90D0-63DB1C0B015D}.Debug|Any CPU.Build.0 = Debug|Any CPU
		{859A4A4D-7954-4A6D-90D0-63DB1C0B015D}.Release|Any CPU.ActiveCfg = Release|Any CPU
		{859A4A4D-7954-4A6D-90D0-63DB1C0B015D}.Release|Any CPU.Build.0 = Release|Any CPU
		{6D224367-04D1-4A3D-8C82-756002294DBB}.Debug|Any CPU.ActiveCfg = Debug|Any CPU
		{6D224367-04D1-4A3D-8C82-756002294DBB}.Debug|Any CPU.Build.0 = Debug|Any CPU
		{6D224367-04D1-4A3D-8C82-756002294DBB}.Release|Any CPU.ActiveCfg = Release|Any CPU
		{6D224367-04D1-4A3D-8C82-756002294DBB}.Release|Any CPU.Build.0 = Release|Any CPU
		{E165E14C-2E69-4B97-AFD4-1DA68C625D1F}.Debug|Any CPU.ActiveCfg = Debug|Any CPU
		{E165E14C-2E69-4B97-AFD4-1DA68C625D1F}.Debug|Any CPU.Build.0 = Debug|Any CPU
		{E165E14C-2E69-4B97-AFD4-1DA68C625D1F}.Release|Any CPU.ActiveCfg = Release|Any CPU
		{E165E14C-2E69-4B97-AFD4-1DA68C625D1F}.Release|Any CPU.Build.0 = Release|Any CPU
	EndGlobalSection
	GlobalSection(SolutionProperties) = preSolution
		HideSolutionNode = FALSE
	EndGlobalSection
EndGlobal
